// !$*UTF8*$!
{
	archiveVersion = 1;
	classes = {
	};
	objectVersion = 50;
	objects = {

/* Begin PBXBuildFile section */
		193925C126547A6700067DCB /* model.pt in Resources */ = {isa = PBXBuildFile; fileRef = 193925C026547A6700067DCB /* model.pt */; };
		1974CA02265224C00087A563 /* XOR_DemoApp.swift in Sources */ = {isa = PBXBuildFile; fileRef = 1974CA01265224C00087A563 /* XOR_DemoApp.swift */; };
		1974CA04265224C00087A563 /* ContentView.swift in Sources */ = {isa = PBXBuildFile; fileRef = 1974CA03265224C00087A563 /* ContentView.swift */; };
		1974CA06265224C20087A563 /* Assets.xcassets in Resources */ = {isa = PBXBuildFile; fileRef = 1974CA05265224C20087A563 /* Assets.xcassets */; };
		1974CA09265224C20087A563 /* Preview Assets.xcassets in Resources */ = {isa = PBXBuildFile; fileRef = 1974CA08265224C20087A563 /* Preview Assets.xcassets */; };
		1974CA14265224C30087A563 /* XOR_DemoTests.swift in Sources */ = {isa = PBXBuildFile; fileRef = 1974CA13265224C30087A563 /* XOR_DemoTests.swift */; };
		1974CA1F265224C30087A563 /* XOR_DemoUITests.swift in Sources */ = {isa = PBXBuildFile; fileRef = 1974CA1E265224C30087A563 /* XOR_DemoUITests.swift */; };
		19AA8AE32654244F00A5C05F /* ModelLoader.swift in Sources */ = {isa = PBXBuildFile; fileRef = 19AA8AE22654244F00A5C05F /* ModelLoader.swift */; };
		19AA8AEB265429F800A5C05F /* TorchModule.mm in Sources */ = {isa = PBXBuildFile; fileRef = 19AA8AEA265429F800A5C05F /* TorchModule.mm */; };
		3E0A31C4F7FC79D127FE3E86 /* libPods-XOR Demo.a in Frameworks */ = {isa = PBXBuildFile; fileRef = 4BAB8D05B33ECCD2AB9DFDCD /* libPods-XOR Demo.a */; };
/* End PBXBuildFile section */

/* Begin PBXContainerItemProxy section */
		1974CA10265224C30087A563 /* PBXContainerItemProxy */ = {
			isa = PBXContainerItemProxy;
			containerPortal = 1974C9F6265224C00087A563 /* Project object */;
			proxyType = 1;
			remoteGlobalIDString = 1974C9FD265224C00087A563;
			remoteInfo = "XOR Demo";
		};
		1974CA1B265224C30087A563 /* PBXContainerItemProxy */ = {
			isa = PBXContainerItemProxy;
			containerPortal = 1974C9F6265224C00087A563 /* Project object */;
			proxyType = 1;
			remoteGlobalIDString = 1974C9FD265224C00087A563;
			remoteInfo = "XOR Demo";
		};
/* End PBXContainerItemProxy section */

/* Begin PBXFileReference section */
		193925BF26547A4D00067DCB /* model.pt */ = {isa = PBXFileReference; lastKnownFileType = file; path = model.pt; sourceTree = SOURCE_ROOT; };
		193925C026547A6700067DCB /* model.pt */ = {isa = PBXFileReference; lastKnownFileType = file; path = model.pt; sourceTree = SOURCE_ROOT; };
		1974C9FE265224C00087A563 /* XOR Demo.app */ = {isa = PBXFileReference; explicitFileType = wrapper.application; includeInIndex = 0; path = "XOR Demo.app"; sourceTree = BUILT_PRODUCTS_DIR; };
		1974CA01265224C00087A563 /* XOR_DemoApp.swift */ = {isa = PBXFileReference; lastKnownFileType = sourcecode.swift; path = XOR_DemoApp.swift; sourceTree = "<group>"; };
		1974CA03265224C00087A563 /* ContentView.swift */ = {isa = PBXFileReference; lastKnownFileType = sourcecode.swift; path = ContentView.swift; sourceTree = "<group>"; };
		1974CA05265224C20087A563 /* Assets.xcassets */ = {isa = PBXFileReference; lastKnownFileType = folder.assetcatalog; path = Assets.xcassets; sourceTree = "<group>"; };
		1974CA08265224C20087A563 /* Preview Assets.xcassets */ = {isa = PBXFileReference; lastKnownFileType = folder.assetcatalog; path = "Preview Assets.xcassets"; sourceTree = "<group>"; };
		1974CA0A265224C20087A563 /* Info.plist */ = {isa = PBXFileReference; lastKnownFileType = text.plist.xml; path = Info.plist; sourceTree = "<group>"; };
		1974CA0F265224C30087A563 /* XOR DemoTests.xctest */ = {isa = PBXFileReference; explicitFileType = wrapper.cfbundle; includeInIndex = 0; path = "XOR DemoTests.xctest"; sourceTree = BUILT_PRODUCTS_DIR; };
		1974CA13265224C30087A563 /* XOR_DemoTests.swift */ = {isa = PBXFileReference; lastKnownFileType = sourcecode.swift; path = XOR_DemoTests.swift; sourceTree = "<group>"; };
		1974CA15265224C30087A563 /* Info.plist */ = {isa = PBXFileReference; lastKnownFileType = text.plist.xml; path = Info.plist; sourceTree = "<group>"; };
		1974CA1A265224C30087A563 /* XOR DemoUITests.xctest */ = {isa = PBXFileReference; explicitFileType = wrapper.cfbundle; includeInIndex = 0; path = "XOR DemoUITests.xctest"; sourceTree = BUILT_PRODUCTS_DIR; };
		1974CA1E265224C30087A563 /* XOR_DemoUITests.swift */ = {isa = PBXFileReference; lastKnownFileType = sourcecode.swift; path = XOR_DemoUITests.swift; sourceTree = "<group>"; };
		1974CA20265224C30087A563 /* Info.plist */ = {isa = PBXFileReference; lastKnownFileType = text.plist.xml; path = Info.plist; sourceTree = "<group>"; };
		19AA8AE22654244F00A5C05F /* ModelLoader.swift */ = {isa = PBXFileReference; lastKnownFileType = sourcecode.swift; path = ModelLoader.swift; sourceTree = "<group>"; };
		19AA8AE6265428A200A5C05F /* TorchModule.h */ = {isa = PBXFileReference; lastKnownFileType = sourcecode.c.h; path = TorchModule.h; sourceTree = "<group>"; };
		19AA8AE72654294B00A5C05F /* XOR Demo-Bridging-Header.h */ = {isa = PBXFileReference; lastKnownFileType = sourcecode.c.h; path = "XOR Demo-Bridging-Header.h"; sourceTree = "<group>"; };
		19AA8AEA265429F800A5C05F /* TorchModule.mm */ = {isa = PBXFileReference; lastKnownFileType = sourcecode.cpp.objcpp; path = TorchModule.mm; sourceTree = "<group>"; };
		293F39F94678592C929342F4 /* Pods-XOR Demo.release.xcconfig */ = {isa = PBXFileReference; includeInIndex = 1; lastKnownFileType = text.xcconfig; name = "Pods-XOR Demo.release.xcconfig"; path = "Target Support Files/Pods-XOR Demo/Pods-XOR Demo.release.xcconfig"; sourceTree = "<group>"; };
		4BAB8D05B33ECCD2AB9DFDCD /* libPods-XOR Demo.a */ = {isa = PBXFileReference; explicitFileType = archive.ar; includeInIndex = 0; path = "libPods-XOR Demo.a"; sourceTree = BUILT_PRODUCTS_DIR; };
		7E12CF80346C0294C13BF6A8 /* Pods-XOR Demo.debug.xcconfig */ = {isa = PBXFileReference; includeInIndex = 1; lastKnownFileType = text.xcconfig; name = "Pods-XOR Demo.debug.xcconfig"; path = "Target Support Files/Pods-XOR Demo/Pods-XOR Demo.debug.xcconfig"; sourceTree = "<group>"; };
/* End PBXFileReference section */

/* Begin PBXFrameworksBuildPhase section */
		1974C9FB265224C00087A563 /* Frameworks */ = {
			isa = PBXFrameworksBuildPhase;
			buildActionMask = 2147483647;
			files = (
				3E0A31C4F7FC79D127FE3E86 /* libPods-XOR Demo.a in Frameworks */,
			);
			runOnlyForDeploymentPostprocessing = 0;
		};
		1974CA0C265224C30087A563 /* Frameworks */ = {
			isa = PBXFrameworksBuildPhase;
			buildActionMask = 2147483647;
			files = (
			);
			runOnlyForDeploymentPostprocessing = 0;
		};
		1974CA17265224C30087A563 /* Frameworks */ = {
			isa = PBXFrameworksBuildPhase;
			buildActionMask = 2147483647;
			files = (
			);
			runOnlyForDeploymentPostprocessing = 0;
		};
/* End PBXFrameworksBuildPhase section */

/* Begin PBXGroup section */
		0AF97029606E567E7F680CC0 /* Frameworks */ = {
			isa = PBXGroup;
			children = (
				4BAB8D05B33ECCD2AB9DFDCD /* libPods-XOR Demo.a */,
			);
			name = Frameworks;
			sourceTree = "<group>";
		};
		1974C9F5265224C00087A563 = {
			isa = PBXGroup;
			children = (
				1974CA00265224C00087A563 /* XOR Demo */,
				1974CA12265224C30087A563 /* XOR DemoTests */,
				1974CA1D265224C30087A563 /* XOR DemoUITests */,
				1974C9FF265224C00087A563 /* Products */,
				70A9E6A5F7E0C7845E07C72F /* Pods */,
				0AF97029606E567E7F680CC0 /* Frameworks */,
			);
			sourceTree = "<group>";
		};
		1974C9FF265224C00087A563 /* Products */ = {
			isa = PBXGroup;
			children = (
				1974C9FE265224C00087A563 /* XOR Demo.app */,
				1974CA0F265224C30087A563 /* XOR DemoTests.xctest */,
				1974CA1A265224C30087A563 /* XOR DemoUITests.xctest */,
			);
			name = Products;
			sourceTree = "<group>";
		};
		1974CA00265224C00087A563 /* XOR Demo */ = {
			isa = PBXGroup;
			children = (
				193925C026547A6700067DCB /* model.pt */,
				1974CA01265224C00087A563 /* XOR_DemoApp.swift */,
				1974CA03265224C00087A563 /* ContentView.swift */,
				19AA8AE4265427EA00A5C05F /* TorchBridge */,
				19AA8AE22654244F00A5C05F /* ModelLoader.swift */,
				1974CA05265224C20087A563 /* Assets.xcassets */,
				1974CA0A265224C20087A563 /* Info.plist */,
				1974CA07265224C20087A563 /* Preview Content */,
			);
			path = "XOR Demo";
			sourceTree = "<group>";
		};
		1974CA07265224C20087A563 /* Preview Content */ = {
			isa = PBXGroup;
			children = (
				193925BF26547A4D00067DCB /* model.pt */,
				1974CA08265224C20087A563 /* Preview Assets.xcassets */,
			);
			path = "Preview Content";
			sourceTree = "<group>";
		};
		1974CA12265224C30087A563 /* XOR DemoTests */ = {
			isa = PBXGroup;
			children = (
				1974CA13265224C30087A563 /* XOR_DemoTests.swift */,
				1974CA15265224C30087A563 /* Info.plist */,
			);
			path = "XOR DemoTests";
			sourceTree = "<group>";
		};
		1974CA1D265224C30087A563 /* XOR DemoUITests */ = {
			isa = PBXGroup;
			children = (
				1974CA1E265224C30087A563 /* XOR_DemoUITests.swift */,
				1974CA20265224C30087A563 /* Info.plist */,
			);
			path = "XOR DemoUITests";
			sourceTree = "<group>";
		};
		19AA8AE4265427EA00A5C05F /* TorchBridge */ = {
			isa = PBXGroup;
			children = (
				19AA8AE6265428A200A5C05F /* TorchModule.h */,
				19AA8AE72654294B00A5C05F /* XOR Demo-Bridging-Header.h */,
				19AA8AEA265429F800A5C05F /* TorchModule.mm */,
			);
			path = TorchBridge;
			sourceTree = "<group>";
		};
		70A9E6A5F7E0C7845E07C72F /* Pods */ = {
			isa = PBXGroup;
			children = (
				7E12CF80346C0294C13BF6A8 /* Pods-XOR Demo.debug.xcconfig */,
				293F39F94678592C929342F4 /* Pods-XOR Demo.release.xcconfig */,
			);
			path = Pods;
			sourceTree = "<group>";
		};
/* End PBXGroup section */

/* Begin PBXNativeTarget section */
		1974C9FD265224C00087A563 /* XOR Demo */ = {
			isa = PBXNativeTarget;
			buildConfigurationList = 1974CA23265224C30087A563 /* Build configuration list for PBXNativeTarget "XOR Demo" */;
			buildPhases = (
				11B83C0A6E328C7A7788E742 /* [CP] Check Pods Manifest.lock */,
				1974C9FA265224C00087A563 /* Sources */,
				1974C9FB265224C00087A563 /* Frameworks */,
				1974C9FC265224C00087A563 /* Resources */,
			);
			buildRules = (
			);
			dependencies = (
			);
			name = "XOR Demo";
			productName = "XOR Demo";
			productReference = 1974C9FE265224C00087A563 /* XOR Demo.app */;
			productType = "com.apple.product-type.application";
		};
		1974CA0E265224C30087A563 /* XOR DemoTests */ = {
			isa = PBXNativeTarget;
			buildConfigurationList = 1974CA26265224C30087A563 /* Build configuration list for PBXNativeTarget "XOR DemoTests" */;
			buildPhases = (
				1974CA0B265224C30087A563 /* Sources */,
				1974CA0C265224C30087A563 /* Frameworks */,
				1974CA0D265224C30087A563 /* Resources */,
			);
			buildRules = (
			);
			dependencies = (
				1974CA11265224C30087A563 /* PBXTargetDependency */,
			);
			name = "XOR DemoTests";
			productName = "XOR DemoTests";
			productReference = 1974CA0F265224C30087A563 /* XOR DemoTests.xctest */;
			productType = "com.apple.product-type.bundle.unit-test";
		};
		1974CA19265224C30087A563 /* XOR DemoUITests */ = {
			isa = PBXNativeTarget;
			buildConfigurationList = 1974CA29265224C30087A563 /* Build configuration list for PBXNativeTarget "XOR DemoUITests" */;
			buildPhases = (
				1974CA16265224C30087A563 /* Sources */,
				1974CA17265224C30087A563 /* Frameworks */,
				1974CA18265224C30087A563 /* Resources */,
			);
			buildRules = (
			);
			dependencies = (
				1974CA1C265224C30087A563 /* PBXTargetDependency */,
			);
			name = "XOR DemoUITests";
			productName = "XOR DemoUITests";
			productReference = 1974CA1A265224C30087A563 /* XOR DemoUITests.xctest */;
			productType = "com.apple.product-type.bundle.ui-testing";
		};
/* End PBXNativeTarget section */

/* Begin PBXProject section */
		1974C9F6265224C00087A563 /* Project object */ = {
			isa = PBXProject;
			attributes = {
				LastSwiftUpdateCheck = 1250;
				LastUpgradeCheck = 1250;
				TargetAttributes = {
					1974C9FD265224C00087A563 = {
						CreatedOnToolsVersion = 12.5;
						LastSwiftMigration = 1250;
					};
					1974CA0E265224C30087A563 = {
						CreatedOnToolsVersion = 12.5;
						TestTargetID = 1974C9FD265224C00087A563;
					};
					1974CA19265224C30087A563 = {
						CreatedOnToolsVersion = 12.5;
						TestTargetID = 1974C9FD265224C00087A563;
					};
				};
			};
			buildConfigurationList = 1974C9F9265224C00087A563 /* Build configuration list for PBXProject "XOR Demo" */;
			compatibilityVersion = "Xcode 9.3";
			developmentRegion = en;
			hasScannedForEncodings = 0;
			knownRegions = (
				en,
				Base,
			);
			mainGroup = 1974C9F5265224C00087A563;
			productRefGroup = 1974C9FF265224C00087A563 /* Products */;
			projectDirPath = "";
			projectRoot = "";
			targets = (
				1974C9FD265224C00087A563 /* XOR Demo */,
				1974CA0E265224C30087A563 /* XOR DemoTests */,
				1974CA19265224C30087A563 /* XOR DemoUITests */,
			);
		};
/* End PBXProject section */

/* Begin PBXResourcesBuildPhase section */
		1974C9FC265224C00087A563 /* Resources */ = {
			isa = PBXResourcesBuildPhase;
			buildActionMask = 2147483647;
			files = (
				1974CA09265224C20087A563 /* Preview Assets.xcassets in Resources */,
				1974CA06265224C20087A563 /* Assets.xcassets in Resources */,
				193925C126547A6700067DCB /* model.pt in Resources */,
			);
			runOnlyForDeploymentPostprocessing = 0;
		};
		1974CA0D265224C30087A563 /* Resources */ = {
			isa = PBXResourcesBuildPhase;
			buildActionMask = 2147483647;
			files = (
			);
			runOnlyForDeploymentPostprocessing = 0;
		};
		1974CA18265224C30087A563 /* Resources */ = {
			isa = PBXResourcesBuildPhase;
			buildActionMask = 2147483647;
			files = (
			);
			runOnlyForDeploymentPostprocessing = 0;
		};
/* End PBXResourcesBuildPhase section */

/* Begin PBXShellScriptBuildPhase section */
		11B83C0A6E328C7A7788E742 /* [CP] Check Pods Manifest.lock */ = {
			isa = PBXShellScriptBuildPhase;
			buildActionMask = 2147483647;
			files = (
			);
			inputFileListPaths = (
			);
			inputPaths = (
				"${PODS_PODFILE_DIR_PATH}/Podfile.lock",
				"${PODS_ROOT}/Manifest.lock",
			);
			name = "[CP] Check Pods Manifest.lock";
			outputFileListPaths = (
			);
			outputPaths = (
				"$(DERIVED_FILE_DIR)/Pods-XOR Demo-checkManifestLockResult.txt",
			);
			runOnlyForDeploymentPostprocessing = 0;
			shellPath = /bin/sh;
			shellScript = "diff \"${PODS_PODFILE_DIR_PATH}/Podfile.lock\" \"${PODS_ROOT}/Manifest.lock\" > /dev/null\nif [ $? != 0 ] ; then\n    # print error to STDERR\n    echo \"error: The sandbox is not in sync with the Podfile.lock. Run 'pod install' or update your CocoaPods installation.\" >&2\n    exit 1\nfi\n# This output is used by Xcode 'outputs' to avoid re-running this script phase.\necho \"SUCCESS\" > \"${SCRIPT_OUTPUT_FILE_0}\"\n";
			showEnvVarsInLog = 0;
		};
/* End PBXShellScriptBuildPhase section */

/* Begin PBXSourcesBuildPhase section */
		1974C9FA265224C00087A563 /* Sources */ = {
			isa = PBXSourcesBuildPhase;
			buildActionMask = 2147483647;
			files = (
				19AA8AE32654244F00A5C05F /* ModelLoader.swift in Sources */,
				1974CA04265224C00087A563 /* ContentView.swift in Sources */,
				19AA8AEB265429F800A5C05F /* TorchModule.mm in Sources */,
				1974CA02265224C00087A563 /* XOR_DemoApp.swift in Sources */,
			);
			runOnlyForDeploymentPostprocessing = 0;
		};
		1974CA0B265224C30087A563 /* Sources */ = {
			isa = PBXSourcesBuildPhase;
			buildActionMask = 2147483647;
			files = (
				1974CA14265224C30087A563 /* XOR_DemoTests.swift in Sources */,
			);
			runOnlyForDeploymentPostprocessing = 0;
		};
		1974CA16265224C30087A563 /* Sources */ = {
			isa = PBXSourcesBuildPhase;
			buildActionMask = 2147483647;
			files = (
				1974CA1F265224C30087A563 /* XOR_DemoUITests.swift in Sources */,
			);
			runOnlyForDeploymentPostprocessing = 0;
		};
/* End PBXSourcesBuildPhase section */

/* Begin PBXTargetDependency section */
		1974CA11265224C30087A563 /* PBXTargetDependency */ = {
			isa = PBXTargetDependency;
			target = 1974C9FD265224C00087A563 /* XOR Demo */;
			targetProxy = 1974CA10265224C30087A563 /* PBXContainerItemProxy */;
		};
		1974CA1C265224C30087A563 /* PBXTargetDependency */ = {
			isa = PBXTargetDependency;
			target = 1974C9FD265224C00087A563 /* XOR Demo */;
			targetProxy = 1974CA1B265224C30087A563 /* PBXContainerItemProxy */;
		};
/* End PBXTargetDependency section */

/* Begin XCBuildConfiguration section */
		1974CA21265224C30087A563 /* Debug */ = {
			isa = XCBuildConfiguration;
			buildSettings = {
				ALWAYS_SEARCH_USER_PATHS = NO;
				CLANG_ANALYZER_NONNULL = YES;
				CLANG_ANALYZER_NUMBER_OBJECT_CONVERSION = YES_AGGRESSIVE;
				CLANG_CXX_LANGUAGE_STANDARD = "gnu++14";
				CLANG_CXX_LIBRARY = "libc++";
				CLANG_ENABLE_MODULES = YES;
				CLANG_ENABLE_OBJC_ARC = YES;
				CLANG_ENABLE_OBJC_WEAK = YES;
				CLANG_WARN_BLOCK_CAPTURE_AUTORELEASING = YES;
				CLANG_WARN_BOOL_CONVERSION = YES;
				CLANG_WARN_COMMA = YES;
				CLANG_WARN_CONSTANT_CONVERSION = YES;
				CLANG_WARN_DEPRECATED_OBJC_IMPLEMENTATIONS = YES;
				CLANG_WARN_DIRECT_OBJC_ISA_USAGE = YES_ERROR;
				CLANG_WARN_DOCUMENTATION_COMMENTS = YES;
				CLANG_WARN_EMPTY_BODY = YES;
				CLANG_WARN_ENUM_CONVERSION = YES;
				CLANG_WARN_INFINITE_RECURSION = YES;
				CLANG_WARN_INT_CONVERSION = YES;
				CLANG_WARN_NON_LITERAL_NULL_CONVERSION = YES;
				CLANG_WARN_OBJC_IMPLICIT_RETAIN_SELF = YES;
				CLANG_WARN_OBJC_LITERAL_CONVERSION = YES;
				CLANG_WARN_OBJC_ROOT_CLASS = YES_ERROR;
				CLANG_WARN_QUOTED_INCLUDE_IN_FRAMEWORK_HEADER = YES;
				CLANG_WARN_RANGE_LOOP_ANALYSIS = YES;
				CLANG_WARN_STRICT_PROTOTYPES = YES;
				CLANG_WARN_SUSPICIOUS_MOVE = YES;
				CLANG_WARN_UNGUARDED_AVAILABILITY = YES_AGGRESSIVE;
				CLANG_WARN_UNREACHABLE_CODE = YES;
				CLANG_WARN__DUPLICATE_METHOD_MATCH = YES;
				COPY_PHASE_STRIP = NO;
				DEBUG_INFORMATION_FORMAT = dwarf;
				ENABLE_STRICT_OBJC_MSGSEND = YES;
				ENABLE_TESTABILITY = YES;
				GCC_C_LANGUAGE_STANDARD = gnu11;
				GCC_DYNAMIC_NO_PIC = NO;
				GCC_NO_COMMON_BLOCKS = YES;
				GCC_OPTIMIZATION_LEVEL = 0;
				GCC_PREPROCESSOR_DEFINITIONS = (
					"DEBUG=1",
					"$(inherited)",
				);
				GCC_WARN_64_TO_32_BIT_CONVERSION = YES;
				GCC_WARN_ABOUT_RETURN_TYPE = YES_ERROR;
				GCC_WARN_UNDECLARED_SELECTOR = YES;
				GCC_WARN_UNINITIALIZED_AUTOS = YES_AGGRESSIVE;
				GCC_WARN_UNUSED_FUNCTION = YES;
				GCC_WARN_UNUSED_VARIABLE = YES;
				IPHONEOS_DEPLOYMENT_TARGET = 14.5;
				MTL_ENABLE_DEBUG_INFO = INCLUDE_SOURCE;
				MTL_FAST_MATH = YES;
				ONLY_ACTIVE_ARCH = YES;
				SDKROOT = iphoneos;
				SWIFT_ACTIVE_COMPILATION_CONDITIONS = DEBUG;
				SWIFT_OPTIMIZATION_LEVEL = "-Onone";
			};
			name = Debug;
		};
		1974CA22265224C30087A563 /* Release */ = {
			isa = XCBuildConfiguration;
			buildSettings = {
				ALWAYS_SEARCH_USER_PATHS = NO;
				CLANG_ANALYZER_NONNULL = YES;
				CLANG_ANALYZER_NUMBER_OBJECT_CONVERSION = YES_AGGRESSIVE;
				CLANG_CXX_LANGUAGE_STANDARD = "gnu++14";
				CLANG_CXX_LIBRARY = "libc++";
				CLANG_ENABLE_MODULES = YES;
				CLANG_ENABLE_OBJC_ARC = YES;
				CLANG_ENABLE_OBJC_WEAK = YES;
				CLANG_WARN_BLOCK_CAPTURE_AUTORELEASING = YES;
				CLANG_WARN_BOOL_CONVERSION = YES;
				CLANG_WARN_COMMA = YES;
				CLANG_WARN_CONSTANT_CONVERSION = YES;
				CLANG_WARN_DEPRECATED_OBJC_IMPLEMENTATIONS = YES;
				CLANG_WARN_DIRECT_OBJC_ISA_USAGE = YES_ERROR;
				CLANG_WARN_DOCUMENTATION_COMMENTS = YES;
				CLANG_WARN_EMPTY_BODY = YES;
				CLANG_WARN_ENUM_CONVERSION = YES;
				CLANG_WARN_INFINITE_RECURSION = YES;
				CLANG_WARN_INT_CONVERSION = YES;
				CLANG_WARN_NON_LITERAL_NULL_CONVERSION = YES;
				CLANG_WARN_OBJC_IMPLICIT_RETAIN_SELF = YES;
				CLANG_WARN_OBJC_LITERAL_CONVERSION = YES;
				CLANG_WARN_OBJC_ROOT_CLASS = YES_ERROR;
				CLANG_WARN_QUOTED_INCLUDE_IN_FRAMEWORK_HEADER = YES;
				CLANG_WARN_RANGE_LOOP_ANALYSIS = YES;
				CLANG_WARN_STRICT_PROTOTYPES = YES;
				CLANG_WARN_SUSPICIOUS_MOVE = YES;
				CLANG_WARN_UNGUARDED_AVAILABILITY = YES_AGGRESSIVE;
				CLANG_WARN_UNREACHABLE_CODE = YES;
				CLANG_WARN__DUPLICATE_METHOD_MATCH = YES;
				COPY_PHASE_STRIP = NO;
				DEBUG_INFORMATION_FORMAT = "dwarf-with-dsym";
				ENABLE_NS_ASSERTIONS = NO;
				ENABLE_STRICT_OBJC_MSGSEND = YES;
				GCC_C_LANGUAGE_STANDARD = gnu11;
				GCC_NO_COMMON_BLOCKS = YES;
				GCC_WARN_64_TO_32_BIT_CONVERSION = YES;
				GCC_WARN_ABOUT_RETURN_TYPE = YES_ERROR;
				GCC_WARN_UNDECLARED_SELECTOR = YES;
				GCC_WARN_UNINITIALIZED_AUTOS = YES_AGGRESSIVE;
				GCC_WARN_UNUSED_FUNCTION = YES;
				GCC_WARN_UNUSED_VARIABLE = YES;
				IPHONEOS_DEPLOYMENT_TARGET = 14.5;
				MTL_ENABLE_DEBUG_INFO = NO;
				MTL_FAST_MATH = YES;
				SDKROOT = iphoneos;
				SWIFT_COMPILATION_MODE = wholemodule;
				SWIFT_OPTIMIZATION_LEVEL = "-O";
				VALIDATE_PRODUCT = YES;
			};
			name = Release;
		};
		1974CA24265224C30087A563 /* Debug */ = {
			isa = XCBuildConfiguration;
			baseConfigurationReference = 7E12CF80346C0294C13BF6A8 /* Pods-XOR Demo.debug.xcconfig */;
			buildSettings = {
				ASSETCATALOG_COMPILER_APPICON_NAME = AppIcon;
				ASSETCATALOG_COMPILER_GLOBAL_ACCENT_COLOR_NAME = AccentColor;
				CLANG_ENABLE_MODULES = YES;
				CODE_SIGN_STYLE = Automatic;
				DEVELOPMENT_ASSET_PATHS = "\"XOR Demo/Preview Content\"";
				DEVELOPMENT_TEAM = JD92WBKZ43;
				ENABLE_PREVIEWS = YES;
				INFOPLIST_FILE = "XOR Demo/Info.plist";
				IPHONEOS_DEPLOYMENT_TARGET = 14.0;
				LD_RUNPATH_SEARCH_PATHS = (
					"$(inherited)",
					"@executable_path/Frameworks",
				);
				PRODUCT_BUNDLE_IDENTIFIER = "Test.XOR-Demo";
				PRODUCT_NAME = "$(TARGET_NAME)";
				SWIFT_OBJC_BRIDGING_HEADER = "XOR Demo/TorchBridge/XOR Demo-Bridging-Header.h";
				SWIFT_OPTIMIZATION_LEVEL = "-Onone";
				SWIFT_VERSION = 5.0;
				TARGETED_DEVICE_FAMILY = "1,2";
			};
			name = Debug;
		};
		1974CA25265224C30087A563 /* Release */ = {
			isa = XCBuildConfiguration;
			baseConfigurationReference = 293F39F94678592C929342F4 /* Pods-XOR Demo.release.xcconfig */;
			buildSettings = {
				ASSETCATALOG_COMPILER_APPICON_NAME = AppIcon;
				ASSETCATALOG_COMPILER_GLOBAL_ACCENT_COLOR_NAME = AccentColor;
				CLANG_ENABLE_MODULES = YES;
				CODE_SIGN_STYLE = Automatic;
				DEVELOPMENT_ASSET_PATHS = "\"XOR Demo/Preview Content\"";
				DEVELOPMENT_TEAM = JD92WBKZ43;
				ENABLE_PREVIEWS = YES;
				INFOPLIST_FILE = "XOR Demo/Info.plist";
				IPHONEOS_DEPLOYMENT_TARGET = 14.0;
				LD_RUNPATH_SEARCH_PATHS = (
					"$(inherited)",
					"@executable_path/Frameworks",
				);
				PRODUCT_BUNDLE_IDENTIFIER = "Test.XOR-Demo";
				PRODUCT_NAME = "$(TARGET_NAME)";
				SWIFT_OBJC_BRIDGING_HEADER = "XOR Demo/TorchBridge/XOR Demo-Bridging-Header.h";
				SWIFT_VERSION = 5.0;
				TARGETED_DEVICE_FAMILY = "1,2";
			};
			name = Release;
		};
		1974CA27265224C30087A563 /* Debug */ = {
			isa = XCBuildConfiguration;
			buildSettings = {
				ALWAYS_EMBED_SWIFT_STANDARD_LIBRARIES = YES;
				BUNDLE_LOADER = "$(TEST_HOST)";
				CODE_SIGN_STYLE = Automatic;
				DEVELOPMENT_TEAM = JD92WBKZ43;
				INFOPLIST_FILE = "XOR DemoTests/Info.plist";
				IPHONEOS_DEPLOYMENT_TARGET = 14.0;
				LD_RUNPATH_SEARCH_PATHS = (
					"$(inherited)",
					"@executable_path/Frameworks",
					"@loader_path/Frameworks",
				);
				PRODUCT_BUNDLE_IDENTIFIER = "Test.XOR-DemoTests";
				PRODUCT_NAME = "$(TARGET_NAME)";
				SWIFT_VERSION = 5.0;
				TARGETED_DEVICE_FAMILY = "1,2";
				TEST_HOST = "$(BUILT_PRODUCTS_DIR)/XOR Demo.app/XOR Demo";
			};
			name = Debug;
		};
		1974CA28265224C30087A563 /* Release */ = {
			isa = XCBuildConfiguration;
			buildSettings = {
				ALWAYS_EMBED_SWIFT_STANDARD_LIBRARIES = YES;
				BUNDLE_LOADER = "$(TEST_HOST)";
				CODE_SIGN_STYLE = Automatic;
				DEVELOPMENT_TEAM = JD92WBKZ43;
				INFOPLIST_FILE = "XOR DemoTests/Info.plist";
				IPHONEOS_DEPLOYMENT_TARGET = 14.0;
				LD_RUNPATH_SEARCH_PATHS = (
					"$(inherited)",
					"@executable_path/Frameworks",
					"@loader_path/Frameworks",
				);
				PRODUCT_BUNDLE_IDENTIFIER = "Test.XOR-DemoTests";
				PRODUCT_NAME = "$(TARGET_NAME)";
				SWIFT_VERSION = 5.0;
				TARGETED_DEVICE_FAMILY = "1,2";
				TEST_HOST = "$(BUILT_PRODUCTS_DIR)/XOR Demo.app/XOR Demo";
			};
			name = Release;
		};
		1974CA2A265224C30087A563 /* Debug */ = {
			isa = XCBuildConfiguration;
			buildSettings = {
				ALWAYS_EMBED_SWIFT_STANDARD_LIBRARIES = YES;
				CODE_SIGN_STYLE = Automatic;
				DEVELOPMENT_TEAM = JD92WBKZ43;
				INFOPLIST_FILE = "XOR DemoUITests/Info.plist";
				LD_RUNPATH_SEARCH_PATHS = (
					"$(inherited)",
					"@executable_path/Frameworks",
					"@loader_path/Frameworks",
				);
				PRODUCT_BUNDLE_IDENTIFIER = "Test.XOR-DemoUITests";
				PRODUCT_NAME = "$(TARGET_NAME)";
				SWIFT_VERSION = 5.0;
				TARGETED_DEVICE_FAMILY = "1,2";
				TEST_TARGET_NAME = "XOR Demo";
			};
			name = Debug;
		};
		1974CA2B265224C30087A563 /* Release */ = {
			isa = XCBuildConfiguration;
			buildSettings = {
				ALWAYS_EMBED_SWIFT_STANDARD_LIBRARIES = YES;
				CODE_SIGN_STYLE = Automatic;
				DEVELOPMENT_TEAM = JD92WBKZ43;
				INFOPLIST_FILE = "XOR DemoUITests/Info.plist";
				LD_RUNPATH_SEARCH_PATHS = (
					"$(inherited)",
					"@executable_path/Frameworks",
					"@loader_path/Frameworks",
				);
				PRODUCT_BUNDLE_IDENTIFIER = "Test.XOR-DemoUITests";
				PRODUCT_NAME = "$(TARGET_NAME)";
				SWIFT_VERSION = 5.0;
				TARGETED_DEVICE_FAMILY = "1,2";
				TEST_TARGET_NAME = "XOR Demo";
			};
			name = Release;
		};
/* End XCBuildConfiguration section */

/* Begin XCConfigurationList section */
		1974C9F9265224C00087A563 /* Build configuration list for PBXProject "XOR Demo" */ = {
			isa = XCConfigurationList;
			buildConfigurations = (
				1974CA21265224C30087A563 /* Debug */,
				1974CA22265224C30087A563 /* Release */,
			);
			defaultConfigurationIsVisible = 0;
			defaultConfigurationName = Release;
		};
		1974CA23265224C30087A563 /* Build configuration list for PBXNativeTarget "XOR Demo" */ = {
			isa = XCConfigurationList;
			buildConfigurations = (
				1974CA24265224C30087A563 /* Debug */,
				1974CA25265224C30087A563 /* Release */,
			);
			defaultConfigurationIsVisible = 0;
			defaultConfigurationName = Release;
		};
		1974CA26265224C30087A563 /* Build configuration list for PBXNativeTarget "XOR DemoTests" */ = {
			isa = XCConfigurationList;
			buildConfigurations = (
				1974CA27265224C30087A563 /* Debug */,
				1974CA28265224C30087A563 /* Release */,
			);
			defaultConfigurationIsVisible = 0;
			defaultConfigurationName = Release;
		};
		1974CA29265224C30087A563 /* Build configuration list for PBXNativeTarget "XOR DemoUITests" */ = {
			isa = XCConfigurationList;
			buildConfigurations = (
				1974CA2A265224C30087A563 /* Debug */,
				1974CA2B265224C30087A563 /* Release */,
			);
			defaultConfigurationIsVisible = 0;
			defaultConfigurationName = Release;
		};
/* End XCConfigurationList section */
	};
	rootObject = 1974C9F6265224C00087A563 /* Project object */;
}
